
Microsoft Visual Studio Solution File, Format Version 12.00
# Visual Studio 15
VisualStudioVersion = 15.0.28307.168
MinimumVisualStudioVersion = 10.0.40219.1
Project("{FAE04EC0-301F-11D3-BF4B-00C04F79EFBC}") = "TestConsole", "TestConsole\TestConsole.csproj", "{326B0F9B-83BD-4F93-BD33-87D69A4248C3}"
EndProject
Project("{FAE04EC0-301F-11D3-BF4B-00C04F79EFBC}") = "ValidationsCustomActivities", "ValidationsCustomActivities\ValidationsCustomActivities.csproj", "{04D0E288-0DBB-4416-9DFF-F515DAF07CF0}"
EndProject
Global
	GlobalSection(SolutionConfigurationPlatforms) = preSolution
		Debug|Any CPU = Debug|Any CPU
		Release|Any CPU = Release|Any CPU
	EndGlobalSection
	GlobalSection(ProjectConfigurationPlatforms) = postSolution
		{326B0F9B-83BD-4F93-BD33-87D69A4248C3}.Debug|Any CPU.ActiveCfg = Debug|Any CPU
		{326B0F9B-83BD-4F93-BD33-87D69A4248C3}.Debug|Any CPU.Build.0 = Debug|Any CPU
		{326B0F9B-83BD-4F93-BD33-87D69A4248C3}.Release|Any CPU.ActiveCfg = Release|Any CPU
		{326B0F9B-83BD-4F93-BD33-87D69A4248C3}.Release|Any CPU.Build.0 = Release|Any CPU
		{04D0E288-0DBB-4416-9DFF-F515DAF07CF0}.Debug|Any CPU.ActiveCfg = Debug|Any CPU
		{04D0E288-0DBB-4416-9DFF-F515DAF07CF0}.Debug|Any CPU.Build.0 = Debug|Any CPU
		{04D0E288-0DBB-4416-9DFF-F515DAF07CF0}.Release|Any CPU.ActiveCfg = Release|Any CPU
		{04D0E288-0DBB-4416-9DFF-F515DAF07CF0}.Release|Any CPU.Build.0 = Release|Any CPU
	EndGlobalSection
	GlobalSection(SolutionProperties) = preSolution
		HideSolutionNode = FALSE
	EndGlobalSection
	GlobalSection(ExtensibilityGlobals) = postSolution
		SolutionGuid = {2E2317CB-47DD-4ECB-9E81-47DBC2C24F43}
	EndGlobalSection
EndGlobal
